
Microsoft Visual Studio Solution File, Format Version 12.00
# Visual Studio 2017
Project("{FAE04EC0-301F-11D3-BF4B-00C04F79EFBC}") = "SauverTP.Plugins", "SauverTP.Plugins.csproj", "{5E4E1F9E-D264-024D-58EF-9F4E046AF0E7}"
EndProject
Project("{FAE04EC0-301F-11D3-BF4B-00C04F79EFBC}") = "SauverTP", "SauverTP.csproj", "{11563B36-BD81-E7FF-F888-063A3CFD92D2}"
EndProject
Project("{FAE04EC0-301F-11D3-BF4B-00C04F79EFBC}") = "SauverTP.Editor.Plugins", "SauverTP.Editor.Plugins.csproj", "{EAE905FD-581F-7FA8-3CA5-3375E3D805A1}"
EndProject
Global
	GlobalSection(SolutionConfigurationPlatforms) = preSolution
		Debug|Any CPU = Debug|Any CPU
		Release|Any CPU = Release|Any CPU
	EndGlobalSection
	GlobalSection(ProjectConfigurationPlatforms) = postSolution
		{5E4E1F9E-D264-024D-58EF-9F4E046AF0E7}.Debug|Any CPU.ActiveCfg = Debug|Any CPU
		{5E4E1F9E-D264-024D-58EF-9F4E046AF0E7}.Debug|Any CPU.Build.0 = Debug|Any CPU
		{5E4E1F9E-D264-024D-58EF-9F4E046AF0E7}.Release|Any CPU.ActiveCfg = Release|Any CPU
		{5E4E1F9E-D264-024D-58EF-9F4E046AF0E7}.Release|Any CPU.Build.0 = Release|Any CPU
		{11563B36-BD81-E7FF-F888-063A3CFD92D2}.Debug|Any CPU.ActiveCfg = Debug|Any CPU
		{11563B36-BD81-E7FF-F888-063A3CFD92D2}.Debug|Any CPU.Build.0 = Debug|Any CPU
		{11563B36-BD81-E7FF-F888-063A3CFD92D2}.Release|Any CPU.ActiveCfg = Release|Any CPU
		{11563B36-BD81-E7FF-F888-063A3CFD92D2}.Release|Any CPU.Build.0 = Release|Any CPU
		{EAE905FD-581F-7FA8-3CA5-3375E3D805A1}.Debug|Any CPU.ActiveCfg = Debug|Any CPU
		{EAE905FD-581F-7FA8-3CA5-3375E3D805A1}.Debug|Any CPU.Build.0 = Debug|Any CPU
		{EAE905FD-581F-7FA8-3CA5-3375E3D805A1}.Release|Any CPU.ActiveCfg = Release|Any CPU
		{EAE905FD-581F-7FA8-3CA5-3375E3D805A1}.Release|Any CPU.Build.0 = Release|Any CPU
	EndGlobalSection
	GlobalSection(SolutionProperties) = preSolution
		HideSolutionNode = FALSE
	EndGlobalSection
EndGlobal
